Microsoft Visual Studio Solution File, Format Version 12.00
# Visual Studio Version 17
VisualStudioVersion = 17.0.31903.59
MinimumVisualStudioVersion = 10.0.40219.1
Project("{FAE04EC0-301F-11D3-BF4B-00C04F79EFBC}") = "MerchantDiscountMod", "src\MerchantDiscountMod\MerchantDiscountMod.csproj", "{B0855043-A089-4C1C-A3FA-42CA1304D9D6}"
EndProject
Project("{FAE04EC0-301F-11D3-BF4B-00C04F79EFBC}") = "MerchantDiscountMod.Tests", "tests\MerchantDiscountMod.Tests\MerchantDiscountMod.Tests.csproj", "{8558FFEB-889B-4B33-95E6-3DD695F91C5B}"
EndProject
Project("{2150E333-8FDC-42A3-9474-1A3956D46DE8}") = "tools", "tools", "{B4EF33F6-9B03-4259-B739-7A95ABBE4E4B}"
EndProject
Project("{FAE04EC0-301F-11D3-BF4B-00C04F79EFBC}") = "OfflineTestHarness", "tools\OfflineTestHarness\OfflineTestHarness.csproj", "{2741DE83-A02B-427B-A70D-A4FE72973302}"
EndProject
Global
	GlobalSection(SolutionConfigurationPlatforms) = preSolution
		Debug|Any CPU = Debug|Any CPU
		Release|Any CPU = Release|Any CPU
	EndGlobalSection
	GlobalSection(ProjectConfigurationPlatforms) = postSolution
		{B0855043-A089-4C1C-A3FA-42CA1304D9D6}.Debug|Any CPU.ActiveCfg = Debug|Any CPU
		{B0855043-A089-4C1C-A3FA-42CA1304D9D6}.Debug|Any CPU.Build.0 = Debug|Any CPU
		{B0855043-A089-4C1C-A3FA-42CA1304D9D6}.Release|Any CPU.ActiveCfg = Release|Any CPU
		{B0855043-A089-4C1C-A3FA-42CA1304D9D6}.Release|Any CPU.Build.0 = Release|Any CPU
		{8558FFEB-889B-4B33-95E6-3DD695F91C5B}.Debug|Any CPU.ActiveCfg = Debug|Any CPU
		{8558FFEB-889B-4B33-95E6-3DD695F91C5B}.Debug|Any CPU.Build.0 = Debug|Any CPU
		{8558FFEB-889B-4B33-95E6-3DD695F91C5B}.Release|Any CPU.ActiveCfg = Release|Any CPU
		{8558FFEB-889B-4B33-95E6-3DD695F91C5B}.Release|Any CPU.Build.0 = Release|Any CPU
		{2741DE83-A02B-427B-A70D-A4FE72973302}.Debug|Any CPU.ActiveCfg = Debug|Any CPU
		{2741DE83-A02B-427B-A70D-A4FE72973302}.Debug|Any CPU.Build.0 = Debug|Any CPU
		{2741DE83-A02B-427B-A70D-A4FE72973302}.Release|Any CPU.ActiveCfg = Release|Any CPU
		{2741DE83-A02B-427B-A70D-A4FE72973302}.Release|Any CPU.Build.0 = Release|Any CPU
	EndGlobalSection
	GlobalSection(SolutionProperties) = preSolution
		HideSolutionNode = FALSE
	EndGlobalSection
	GlobalSection(NestedProjects) = preSolution
		{2741DE83-A02B-427B-A70D-A4FE72973302} = {B4EF33F6-9B03-4259-B739-7A95ABBE4E4B}
	EndGlobalSection
EndGlobal
